<?xml version="1.0" encoding="utf-8"?>
<Project ToolsVersion="4.0" xmlns="http://schemas.microsoft.com/developer/msbuild/2003">
  <ItemGroup>
    <Filter Include="main">
      <UniqueIdentifier>{870625c3-13ac-4e25-957c-349576920ae2}</UniqueIdentifier>
    </Filter>
    <Filter Include="public">
      <UniqueIdentifier>{d0625748-5777-4173-8776-ac3f22f9f9bf}</UniqueIdentifier>
    </Filter>
  </ItemGroup>
  <ItemGroup>
    <ClCompile Include="Main\StringInt.cpp">
      <Filter>main</Filter>
    </ClCompile>
  </ItemGroup>
  <ItemGroup>
    <ClInclude Include="Public\StringInt\StringInt.h">
      <Filter>public</Filter>
    </ClInclude>
  </ItemGroup>
</Project>